Microsoft Visual Studio Solution File, Format Version 11.00
# Visual Studio 2008

Project("{4252B72E-6EBC-D4D4-B4C2-E46A786F03D2}") = "Zoom", "Assembly-CSharp-firstpass.csproj", "{7A8E87E6-EEB1-9E1E-A0A0-6703EE08A808}"
EndProject
Project("{4252B72E-6EBC-D4D4-B4C2-E46A786F03D2}") = "Zoom", "Assembly-CSharp.csproj", "{A2ED836A-8BBF-D237-2C9F-DACD36FF1A39}"
EndProject
Project("{4252B72E-6EBC-D4D4-B4C2-E46A786F03D2}") = "Zoom", "Assembly-CSharp-Editor.csproj", "{F2F7ADC2-FD72-7AF4-4582-9A6F557E805C}"
EndProject
Global
	GlobalSection(SolutionConfigurationPlatforms) = preSolution
		Debug|Any CPU = Debug|Any CPU
		Release|Any CPU = Release|Any CPU
	EndGlobalSection
	GlobalSection(ProjectConfigurationPlatforms) = postSolution
		{7A8E87E6-EEB1-9E1E-A0A0-6703EE08A808}.Debug|Any CPU.ActiveCfg = Debug|Any CPU
		{7A8E87E6-EEB1-9E1E-A0A0-6703EE08A808}.Debug|Any CPU.Build.0 = Debug|Any CPU
		{7A8E87E6-EEB1-9E1E-A0A0-6703EE08A808}.Release|Any CPU.ActiveCfg = Release|Any CPU
		{7A8E87E6-EEB1-9E1E-A0A0-6703EE08A808}.Release|Any CPU.Build.0 = Release|Any CPU
		{A2ED836A-8BBF-D237-2C9F-DACD36FF1A39}.Debug|Any CPU.ActiveCfg = Debug|Any CPU
		{A2ED836A-8BBF-D237-2C9F-DACD36FF1A39}.Debug|Any CPU.Build.0 = Debug|Any CPU
		{A2ED836A-8BBF-D237-2C9F-DACD36FF1A39}.Release|Any CPU.ActiveCfg = Release|Any CPU
		{A2ED836A-8BBF-D237-2C9F-DACD36FF1A39}.Release|Any CPU.Build.0 = Release|Any CPU
		{F2F7ADC2-FD72-7AF4-4582-9A6F557E805C}.Debug|Any CPU.ActiveCfg = Debug|Any CPU
		{F2F7ADC2-FD72-7AF4-4582-9A6F557E805C}.Debug|Any CPU.Build.0 = Debug|Any CPU
		{F2F7ADC2-FD72-7AF4-4582-9A6F557E805C}.Release|Any CPU.ActiveCfg = Release|Any CPU
		{F2F7ADC2-FD72-7AF4-4582-9A6F557E805C}.Release|Any CPU.Build.0 = Release|Any CPU
	EndGlobalSection
	GlobalSection(SolutionProperties) = preSolution
		HideSolutionNode = FALSE
	EndGlobalSection
	GlobalSection(MonoDevelopProperties) = preSolution
		StartupItem = Assembly-CSharp.csproj
	EndGlobalSection
EndGlobal
